
Microsoft Visual Studio Solution File, Format Version 12.00
# Visual Studio 15
VisualStudioVersion = 15.0.28307.168
MinimumVisualStudioVersion = 10.0.40219.1
Project("{FAE04EC0-301F-11D3-BF4B-00C04F79EFBC}") = "New project", "New project\New project.csproj", "{BD710BCE-76D6-4B69-BF27-EB65D030CD71}"
EndProject
Global
	GlobalSection(SolutionConfigurationPlatforms) = preSolution
		Debug|Any CPU = Debug|Any CPU
		Release|Any CPU = Release|Any CPU
	EndGlobalSection
	GlobalSection(ProjectConfigurationPlatforms) = postSolution
		{BD710BCE-76D6-4B69-BF27-EB65D030CD71}.Debug|Any CPU.ActiveCfg = Debug|Any CPU
		{BD710BCE-76D6-4B69-BF27-EB65D030CD71}.Debug|Any CPU.Build.0 = Debug|Any CPU
		{BD710BCE-76D6-4B69-BF27-EB65D030CD71}.Release|Any CPU.ActiveCfg = Release|Any CPU
		{BD710BCE-76D6-4B69-BF27-EB65D030CD71}.Release|Any CPU.Build.0 = Release|Any CPU
	EndGlobalSection
	GlobalSection(SolutionProperties) = preSolution
		HideSolutionNode = FALSE
	EndGlobalSection
	GlobalSection(ExtensibilityGlobals) = postSolution
		SolutionGuid = {3125AFB2-61FA-465F-B6F1-F797B8CACD07}
	EndGlobalSection
EndGlobal
